
Microsoft Visual Studio Solution File, Format Version 12.00
# Visual Studio Version 17
VisualStudioVersion = 17.5.33516.290
MinimumVisualStudioVersion = 10.0.40219.1
Project("{FAE04EC0-301F-11D3-BF4B-00C04F79EFBC}") = "net-calculator-tester", "net-calculator-tester\net-calculator-tester.csproj", "{13027B76-0C45-40E3-9F2E-A91A46B0B535}"
EndProject
Project("{FAE04EC0-301F-11D3-BF4B-00C04F79EFBC}") = "NetCalculatorTester.Tests", "NetCalculatorTester.Tests\NetCalculatorTester.Tests.csproj", "{FCD9484F-6361-44FD-A515-1DE92A625B75}"
EndProject
Global
	GlobalSection(SolutionConfigurationPlatforms) = preSolution
		Debug|Any CPU = Debug|Any CPU
		Release|Any CPU = Release|Any CPU
	EndGlobalSection
	GlobalSection(ProjectConfigurationPlatforms) = postSolution
		{13027B76-0C45-40E3-9F2E-A91A46B0B535}.Debug|Any CPU.ActiveCfg = Debug|Any CPU
		{13027B76-0C45-40E3-9F2E-A91A46B0B535}.Debug|Any CPU.Build.0 = Debug|Any CPU
		{13027B76-0C45-40E3-9F2E-A91A46B0B535}.Release|Any CPU.ActiveCfg = Release|Any CPU
		{13027B76-0C45-40E3-9F2E-A91A46B0B535}.Release|Any CPU.Build.0 = Release|Any CPU
		{FCD9484F-6361-44FD-A515-1DE92A625B75}.Debug|Any CPU.ActiveCfg = Debug|Any CPU
		{FCD9484F-6361-44FD-A515-1DE92A625B75}.Debug|Any CPU.Build.0 = Debug|Any CPU
		{FCD9484F-6361-44FD-A515-1DE92A625B75}.Release|Any CPU.ActiveCfg = Release|Any CPU
		{FCD9484F-6361-44FD-A515-1DE92A625B75}.Release|Any CPU.Build.0 = Release|Any CPU
	EndGlobalSection
	GlobalSection(SolutionProperties) = preSolution
		HideSolutionNode = FALSE
	EndGlobalSection
	GlobalSection(ExtensibilityGlobals) = postSolution
		SolutionGuid = {4CFEAC65-609A-4319-A60B-21D12E87A68E}
	EndGlobalSection
EndGlobal
